
Microsoft Visual Studio Solution File, Format Version 12.00
# Visual Studio Version 16
VisualStudioVersion = 16.0.29009.5
MinimumVisualStudioVersion = 10.0.40219.1
Project("{FAE04EC0-301F-11D3-BF4B-00C04F79EFBC}") = "XUnitTestProject", "XUnitTestProject\XUnitTestProject.csproj", "{233261B3-5A72-40DE-AB72-96347D799F90}"
EndProject
Global
	GlobalSection(SolutionConfigurationPlatforms) = preSolution
		Debug|Any CPU = Debug|Any CPU
		Release|Any CPU = Release|Any CPU
	EndGlobalSection
	GlobalSection(ProjectConfigurationPlatforms) = postSolution
		{233261B3-5A72-40DE-AB72-96347D799F90}.Debug|Any CPU.ActiveCfg = Debug|Any CPU
		{233261B3-5A72-40DE-AB72-96347D799F90}.Debug|Any CPU.Build.0 = Debug|Any CPU
		{233261B3-5A72-40DE-AB72-96347D799F90}.Release|Any CPU.ActiveCfg = Release|Any CPU
		{233261B3-5A72-40DE-AB72-96347D799F90}.Release|Any CPU.Build.0 = Release|Any CPU
	EndGlobalSection
	GlobalSection(SolutionProperties) = preSolution
		HideSolutionNode = FALSE
	EndGlobalSection
	GlobalSection(ExtensibilityGlobals) = postSolution
		SolutionGuid = {62157AF7-3E0D-4EED-9F43-04DB8F43CCC2}
	EndGlobalSection
EndGlobal
